
Microsoft Visual Studio Solution File, Format Version 12.00
# Visual Studio Version 17
VisualStudioVersion = 17.14.36121.58 d17.14
MinimumVisualStudioVersion = 10.0.40219.1
Project("{FAE04EC0-301F-11D3-BF4B-00C04F79EFBC}") = "WeatherApi", "WeatherApi\WeatherApi.csproj", "{815C6981-CCFA-4D19-AB4A-129E1487222B}"
EndProject
Global
	GlobalSection(SolutionConfigurationPlatforms) = preSolution
		Debug|Any CPU = Debug|Any CPU
		Release|Any CPU = Release|Any CPU
	EndGlobalSection
	GlobalSection(ProjectConfigurationPlatforms) = postSolution
		{815C6981-CCFA-4D19-AB4A-129E1487222B}.Debug|Any CPU.ActiveCfg = Debug|Any CPU
		{815C6981-CCFA-4D19-AB4A-129E1487222B}.Debug|Any CPU.Build.0 = Debug|Any CPU
		{815C6981-CCFA-4D19-AB4A-129E1487222B}.Release|Any CPU.ActiveCfg = Release|Any CPU
		{815C6981-CCFA-4D19-AB4A-129E1487222B}.Release|Any CPU.Build.0 = Release|Any CPU
	EndGlobalSection
	GlobalSection(SolutionProperties) = preSolution
		HideSolutionNode = FALSE
	EndGlobalSection
	GlobalSection(ExtensibilityGlobals) = postSolution
		SolutionGuid = {BC7991BF-9DF1-4A94-8EFD-ECF69EBE9F66}
	EndGlobalSection
EndGlobal
